
Microsoft Visual Studio Solution File, Format Version 12.00
# Visual Studio Version 17
VisualStudioVersion = 17.4.33205.214
MinimumVisualStudioVersion = 10.0.40219.1
Project("{FAE04EC0-301F-11D3-BF4B-00C04F79EFBC}") = "socialDRMServer", "socialDRMServer.csproj", "{34E8D80C-A1F1-4446-A4DF-CA94AA42A87E}"
EndProject
Global
	GlobalSection(SolutionConfigurationPlatforms) = preSolution
		Debug|Any CPU = Debug|Any CPU
		Release|Any CPU = Release|Any CPU
	EndGlobalSection
	GlobalSection(ProjectConfigurationPlatforms) = postSolution
		{34E8D80C-A1F1-4446-A4DF-CA94AA42A87E}.Debug|Any CPU.ActiveCfg = Debug|Any CPU
		{34E8D80C-A1F1-4446-A4DF-CA94AA42A87E}.Debug|Any CPU.Build.0 = Debug|Any CPU
		{34E8D80C-A1F1-4446-A4DF-CA94AA42A87E}.Release|Any CPU.ActiveCfg = Release|Any CPU
		{34E8D80C-A1F1-4446-A4DF-CA94AA42A87E}.Release|Any CPU.Build.0 = Release|Any CPU
	EndGlobalSection
	GlobalSection(SolutionProperties) = preSolution
		HideSolutionNode = FALSE
	EndGlobalSection
	GlobalSection(ExtensibilityGlobals) = postSolution
		SolutionGuid = {15BFF1FF-1D9F-4885-AEDE-EDC00A8B7141}
	EndGlobalSection
EndGlobal
